
Microsoft Visual Studio Solution File, Format Version 12.00
# Visual Studio Version 16
VisualStudioVersion = 16.0.31213.239
MinimumVisualStudioVersion = 10.0.40219.1
Project("{FAE04EC0-301F-11D3-BF4B-00C04F79EFBC}") = "Jorgelig.HttpClient", "Jorgelig.HttpClient\Jorgelig.HttpClient.csproj", "{2B0C585F-268E-4E84-93B6-FAB938F74FFF}"
EndProject
Global
	GlobalSection(SolutionConfigurationPlatforms) = preSolution
		Debug|Any CPU = Debug|Any CPU
		Release|Any CPU = Release|Any CPU
	EndGlobalSection
	GlobalSection(ProjectConfigurationPlatforms) = postSolution
		{2B0C585F-268E-4E84-93B6-FAB938F74FFF}.Debug|Any CPU.ActiveCfg = Debug|Any CPU
		{2B0C585F-268E-4E84-93B6-FAB938F74FFF}.Debug|Any CPU.Build.0 = Debug|Any CPU
		{2B0C585F-268E-4E84-93B6-FAB938F74FFF}.Release|Any CPU.ActiveCfg = Release|Any CPU
		{2B0C585F-268E-4E84-93B6-FAB938F74FFF}.Release|Any CPU.Build.0 = Release|Any CPU
	EndGlobalSection
	GlobalSection(SolutionProperties) = preSolution
		HideSolutionNode = FALSE
	EndGlobalSection
	GlobalSection(ExtensibilityGlobals) = postSolution
		SolutionGuid = {8DE27FF2-6A1E-4F8A-8CD1-E095C3D9BCCF}
	EndGlobalSection
EndGlobal
